
Microsoft Visual Studio Solution File, Format Version 12.00
# Visual Studio Version 17
VisualStudioVersion = 17.9.34723.18
MinimumVisualStudioVersion = 10.0.40219.1
Project("{9A19103F-16F7-4668-BE54-9A1E7A4F7556}") = "Fundamentalist.Scraper", "Fundamentalist.Scraper\Fundamentalist.Scraper.csproj", "{40632FBC-9096-4C9B-B990-36272EE4730D}"
EndProject
Project("{9A19103F-16F7-4668-BE54-9A1E7A4F7556}") = "Fundamentalist.Common", "Fundamentalist.Common\Fundamentalist.Common.csproj", "{ABD80060-24A9-4B01-B23B-598630901CCA}"
EndProject
Project("{9A19103F-16F7-4668-BE54-9A1E7A4F7556}") = "Fundamentalist.Trainer", "Fundamentalist.Trainer\Fundamentalist.Trainer.csproj", "{D98D3494-2600-44A3-BC46-F2B918632030}"
EndProject
Project("{9A19103F-16F7-4668-BE54-9A1E7A4F7556}") = "Fundamentalist.Xbrl", "Fundamentalist.Xbrl\Fundamentalist.Xbrl.csproj", "{459AEFF8-1387-4471-8AD4-E33AE4A53926}"
EndProject
Project("{FAE04EC0-301F-11D3-BF4B-00C04F79EFBC}") = "Fundamentalist.Correlation", "Fundamentalist.Correlation\Fundamentalist.Correlation.csproj", "{D95C15FC-4870-4919-8D17-8575D448E181}"
EndProject
Global
	GlobalSection(SolutionConfigurationPlatforms) = preSolution
		Debug|Any CPU = Debug|Any CPU
		Release|Any CPU = Release|Any CPU
	EndGlobalSection
	GlobalSection(ProjectConfigurationPlatforms) = postSolution
		{40632FBC-9096-4C9B-B990-36272EE4730D}.Debug|Any CPU.ActiveCfg = Debug|Any CPU
		{40632FBC-9096-4C9B-B990-36272EE4730D}.Debug|Any CPU.Build.0 = Debug|Any CPU
		{40632FBC-9096-4C9B-B990-36272EE4730D}.Release|Any CPU.ActiveCfg = Release|Any CPU
		{40632FBC-9096-4C9B-B990-36272EE4730D}.Release|Any CPU.Build.0 = Release|Any CPU
		{ABD80060-24A9-4B01-B23B-598630901CCA}.Debug|Any CPU.ActiveCfg = Debug|Any CPU
		{ABD80060-24A9-4B01-B23B-598630901CCA}.Debug|Any CPU.Build.0 = Debug|Any CPU
		{ABD80060-24A9-4B01-B23B-598630901CCA}.Release|Any CPU.ActiveCfg = Release|Any CPU
		{ABD80060-24A9-4B01-B23B-598630901CCA}.Release|Any CPU.Build.0 = Release|Any CPU
		{D98D3494-2600-44A3-BC46-F2B918632030}.Debug|Any CPU.ActiveCfg = Debug|Any CPU
		{D98D3494-2600-44A3-BC46-F2B918632030}.Debug|Any CPU.Build.0 = Debug|Any CPU
		{D98D3494-2600-44A3-BC46-F2B918632030}.Release|Any CPU.ActiveCfg = Release|Any CPU
		{D98D3494-2600-44A3-BC46-F2B918632030}.Release|Any CPU.Build.0 = Release|Any CPU
		{459AEFF8-1387-4471-8AD4-E33AE4A53926}.Debug|Any CPU.ActiveCfg = Debug|Any CPU
		{459AEFF8-1387-4471-8AD4-E33AE4A53926}.Debug|Any CPU.Build.0 = Debug|Any CPU
		{459AEFF8-1387-4471-8AD4-E33AE4A53926}.Release|Any CPU.ActiveCfg = Release|Any CPU
		{459AEFF8-1387-4471-8AD4-E33AE4A53926}.Release|Any CPU.Build.0 = Release|Any CPU
		{D95C15FC-4870-4919-8D17-8575D448E181}.Debug|Any CPU.ActiveCfg = Debug|Any CPU
		{D95C15FC-4870-4919-8D17-8575D448E181}.Debug|Any CPU.Build.0 = Debug|Any CPU
		{D95C15FC-4870-4919-8D17-8575D448E181}.Release|Any CPU.ActiveCfg = Release|Any CPU
		{D95C15FC-4870-4919-8D17-8575D448E181}.Release|Any CPU.Build.0 = Release|Any CPU
	EndGlobalSection
	GlobalSection(SolutionProperties) = preSolution
		HideSolutionNode = FALSE
	EndGlobalSection
	GlobalSection(ExtensibilityGlobals) = postSolution
		SolutionGuid = {3830730C-ABE4-4D91-8AEE-CC50D652A73E}
	EndGlobalSection
EndGlobal
